
Microsoft Visual Studio Solution File, Format Version 12.00
# Visual Studio Version 17
VisualStudioVersion = 17.2.32519.379
MinimumVisualStudioVersion = 10.0.40219.1
Project("{FAE04EC0-301F-11D3-BF4B-00C04F79EFBC}") = "ConsoleApp3", "ConsoleApp3\ConsoleApp3.csproj", "{7816829B-A79B-4572-A985-D1280BD571B0}"
EndProject
Global
	GlobalSection(SolutionConfigurationPlatforms) = preSolution
		Debug|Any CPU = Debug|Any CPU
		Release|Any CPU = Release|Any CPU
	EndGlobalSection
	GlobalSection(ProjectConfigurationPlatforms) = postSolution
		{7816829B-A79B-4572-A985-D1280BD571B0}.Debug|Any CPU.ActiveCfg = Debug|Any CPU
		{7816829B-A79B-4572-A985-D1280BD571B0}.Debug|Any CPU.Build.0 = Debug|Any CPU
		{7816829B-A79B-4572-A985-D1280BD571B0}.Release|Any CPU.ActiveCfg = Release|Any CPU
		{7816829B-A79B-4572-A985-D1280BD571B0}.Release|Any CPU.Build.0 = Release|Any CPU
	EndGlobalSection
	GlobalSection(SolutionProperties) = preSolution
		HideSolutionNode = FALSE
	EndGlobalSection
	GlobalSection(ExtensibilityGlobals) = postSolution
		SolutionGuid = {49B32EE6-F086-4AEE-B59D-AE3AD5F6741B}
	EndGlobalSection
EndGlobal
